
Microsoft Visual Studio Solution File, Format Version 12.00
# Visual Studio 15
VisualStudioVersion = 15.0.28307.705
MinimumVisualStudioVersion = 10.0.40219.1
Project("{9A19103F-16F7-4668-BE54-9A1E7A4F7556}") = "Example.WebApi", "Example.WebApi\Example.WebApi.csproj", "{7C35F127-EB81-4955-9064-3BCA71206714}"
	ProjectSection(ProjectDependencies) = postProject
		{D48396EB-B0C8-4B10-8FF5-077121E5BB76} = {D48396EB-B0C8-4B10-8FF5-077121E5BB76}
	EndProjectSection
EndProject
Project("{9A19103F-16F7-4668-BE54-9A1E7A4F7556}") = "Example.WebApi.DataAccess", "Example.WebApi.DataAccess\Example.WebApi.DataAccess.csproj", "{D48396EB-B0C8-4B10-8FF5-077121E5BB76}"
EndProject
Project("{9A19103F-16F7-4668-BE54-9A1E7A4F7556}") = "Example.WebApi.TestUnit", "Example.WebApi.TestUnit\Example.WebApi.TestUnit.csproj", "{4E5C2E50-EBFB-4FF0-9E20-1ED5BA017D44}"
EndProject
Global
	GlobalSection(SolutionConfigurationPlatforms) = preSolution
		Debug|Any CPU = Debug|Any CPU
		Release|Any CPU = Release|Any CPU
	EndGlobalSection
	GlobalSection(ProjectConfigurationPlatforms) = postSolution
		{7C35F127-EB81-4955-9064-3BCA71206714}.Debug|Any CPU.ActiveCfg = Debug|Any CPU
		{7C35F127-EB81-4955-9064-3BCA71206714}.Debug|Any CPU.Build.0 = Debug|Any CPU
		{7C35F127-EB81-4955-9064-3BCA71206714}.Release|Any CPU.ActiveCfg = Release|Any CPU
		{7C35F127-EB81-4955-9064-3BCA71206714}.Release|Any CPU.Build.0 = Release|Any CPU
		{D48396EB-B0C8-4B10-8FF5-077121E5BB76}.Debug|Any CPU.ActiveCfg = Debug|Any CPU
		{D48396EB-B0C8-4B10-8FF5-077121E5BB76}.Debug|Any CPU.Build.0 = Debug|Any CPU
		{D48396EB-B0C8-4B10-8FF5-077121E5BB76}.Release|Any CPU.ActiveCfg = Release|Any CPU
		{D48396EB-B0C8-4B10-8FF5-077121E5BB76}.Release|Any CPU.Build.0 = Release|Any CPU
		{4E5C2E50-EBFB-4FF0-9E20-1ED5BA017D44}.Debug|Any CPU.ActiveCfg = Debug|Any CPU
		{4E5C2E50-EBFB-4FF0-9E20-1ED5BA017D44}.Debug|Any CPU.Build.0 = Debug|Any CPU
		{4E5C2E50-EBFB-4FF0-9E20-1ED5BA017D44}.Release|Any CPU.ActiveCfg = Release|Any CPU
		{4E5C2E50-EBFB-4FF0-9E20-1ED5BA017D44}.Release|Any CPU.Build.0 = Release|Any CPU
	EndGlobalSection
	GlobalSection(SolutionProperties) = preSolution
		HideSolutionNode = FALSE
	EndGlobalSection
	GlobalSection(ExtensibilityGlobals) = postSolution
		SolutionGuid = {C6F126A3-B3CF-479A-8049-C450577030B9}
	EndGlobalSection
EndGlobal
